// !$*UTF8*$!
{
	archiveVersion = 1;
	classes = {
	};
	objectVersion = 77;
	objects = {

/* Begin PBXBuildFile section */
		DD7E30202C99FA5B00922A79 /* Shan.appex in Embed Foundation Extensions */ = {isa = PBXBuildFile; fileRef = DD7E30192C99FA5B00922A79 /* Shan.appex */; settings = {ATTRIBUTES = (RemoveHeadersOnCopy, ); }; };
		DD8816D62E61F8B200B1C6DC /* ISEmojiView in Frameworks */ = {isa = PBXBuildFile; productRef = DD8816D52E61F8B200B1C6DC /* ISEmojiView */; };
		DD8816D92E61F8C800B1C6DC /* KeyboardKit in Frameworks */ = {isa = PBXBuildFile; productRef = DD8816D82E61F8C800B1C6DC /* KeyboardKit */; };
		DD8CE9232E37A05E00D11AFB /* ShanKeyboardShared.framework in Frameworks */ = {isa = PBXBuildFile; fileRef = DD8CE91D2E37A05E00D11AFB /* ShanKeyboardShared.framework */; };
		DD8CE9242E37A05E00D11AFB /* ShanKeyboardShared.framework in Embed Frameworks */ = {isa = PBXBuildFile; fileRef = DD8CE91D2E37A05E00D11AFB /* ShanKeyboardShared.framework */; settings = {ATTRIBUTES = (CodeSignOnCopy, RemoveHeadersOnCopy, ); }; };
		DD8CE9282E37A0A700D11AFB /* ShanKeyboardShared.framework in Frameworks */ = {isa = PBXBuildFile; fileRef = DD8CE91D2E37A05E00D11AFB /* ShanKeyboardShared.framework */; };
		DD8CE9292E37A0A700D11AFB /* ShanKeyboardShared.framework in Embed Frameworks */ = {isa = PBXBuildFile; fileRef = DD8CE91D2E37A05E00D11AFB /* ShanKeyboardShared.framework */; settings = {ATTRIBUTES = (CodeSignOnCopy, RemoveHeadersOnCopy, ); }; };
		DDE0BB8D2E6002BF00EBEE7C /* ISEmojiView in Frameworks */ = {isa = PBXBuildFile; productRef = DDE0BB8C2E6002BF00EBEE7C /* ISEmojiView */; };
		DDE0BB902E60049700EBEE7C /* KeyboardKit in Frameworks */ = {isa = PBXBuildFile; productRef = DDE0BB8F2E60049700EBEE7C /* KeyboardKit */; };
		DDE0BB932E61619E00EBEE7C /* KeyboardKit in Frameworks */ = {isa = PBXBuildFile; productRef = DDE0BB922E61619E00EBEE7C /* KeyboardKit */; };
		DDFDB3162E77BDC400FBEFD1 /* LICENSE.txt in Resources */ = {isa = PBXBuildFile; fileRef = DDFDB30F2E77BDC400FBEFD1 /* LICENSE.txt */; };
/* End PBXBuildFile section */

/* Begin PBXContainerItemProxy section */
		DD7E2FF62C99F82300922A79 /* PBXContainerItemProxy */ = {
			isa = PBXContainerItemProxy;
			containerPortal = DD7E2FDA2C99F82100922A79 /* Project object */;
			proxyType = 1;
			remoteGlobalIDString = DD7E2FE12C99F82100922A79;
			remoteInfo = Panglong_iKeyboard;
		};
		DD7E30002C99F82300922A79 /* PBXContainerItemProxy */ = {
			isa = PBXContainerItemProxy;
			containerPortal = DD7E2FDA2C99F82100922A79 /* Project object */;
			proxyType = 1;
			remoteGlobalIDString = DD7E2FE12C99F82100922A79;
			remoteInfo = Panglong_iKeyboard;
		};
		DD7E301E2C99FA5B00922A79 /* PBXContainerItemProxy */ = {
			isa = PBXContainerItemProxy;
			containerPortal = DD7E2FDA2C99F82100922A79 /* Project object */;
			proxyType = 1;
			remoteGlobalIDString = DD7E30182C99FA5B00922A79;
			remoteInfo = Panglong;
		};
		DD8CE9212E37A05E00D11AFB /* PBXContainerItemProxy */ = {
			isa = PBXContainerItemProxy;
			containerPortal = DD7E2FDA2C99F82100922A79 /* Project object */;
			proxyType = 1;
			remoteGlobalIDString = DD8CE91C2E37A05E00D11AFB;
			remoteInfo = ShanKeyboardShared;
		};
		DD8CE92A2E37A0A700D11AFB /* PBXContainerItemProxy */ = {
			isa = PBXContainerItemProxy;
			containerPortal = DD7E2FDA2C99F82100922A79 /* Project object */;
			proxyType = 1;
			remoteGlobalIDString = DD8CE91C2E37A05E00D11AFB;
			remoteInfo = ShanKeyboardShared;
		};
/* End PBXContainerItemProxy section */

/* Begin PBXCopyFilesBuildPhase section */
		DD7E30252C99FA5B00922A79 /* Embed Foundation Extensions */ = {
			isa = PBXCopyFilesBuildPhase;
			buildActionMask = 2147483647;
			dstPath = "";
			dstSubfolderSpec = 13;
			files = (
				DD7E30202C99FA5B00922A79 /* Shan.appex in Embed Foundation Extensions */,
			);
			name = "Embed Foundation Extensions";
			runOnlyForDeploymentPostprocessing = 0;
		};
		DD8CE9162E379F5300D11AFB /* Embed Frameworks */ = {
			isa = PBXCopyFilesBuildPhase;
			buildActionMask = 2147483647;
			dstPath = "";
			dstSubfolderSpec = 10;
			files = (
				DD8CE9242E37A05E00D11AFB /* ShanKeyboardShared.framework in Embed Frameworks */,
			);
			name = "Embed Frameworks";
			runOnlyForDeploymentPostprocessing = 0;
		};
		DD8CE92C2E37A0A700D11AFB /* Embed Frameworks */ = {
			isa = PBXCopyFilesBuildPhase;
			buildActionMask = 2147483647;
			dstPath = "";
			dstSubfolderSpec = 10;
			files = (
				DD8CE9292E37A0A700D11AFB /* ShanKeyboardShared.framework in Embed Frameworks */,
			);
			name = "Embed Frameworks";
			runOnlyForDeploymentPostprocessing = 0;
		};
/* End PBXCopyFilesBuildPhase section */

/* Begin PBXFileReference section */
		DD7E2FE22C99F82100922A79 /* ShanKeyboard.app */ = {isa = PBXFileReference; explicitFileType = wrapper.application; includeInIndex = 0; path = ShanKeyboard.app; sourceTree = BUILT_PRODUCTS_DIR; };
		DD7E2FF52C99F82300922A79 /* ShanKeyboardTests.xctest */ = {isa = PBXFileReference; explicitFileType = wrapper.cfbundle; includeInIndex = 0; path = ShanKeyboardTests.xctest; sourceTree = BUILT_PRODUCTS_DIR; };
		DD7E2FFF2C99F82300922A79 /* ShanKeyboardUITests.xctest */ = {isa = PBXFileReference; explicitFileType = wrapper.cfbundle; includeInIndex = 0; path = ShanKeyboardUITests.xctest; sourceTree = BUILT_PRODUCTS_DIR; };
		DD7E30192C99FA5B00922A79 /* Shan.appex */ = {isa = PBXFileReference; explicitFileType = "wrapper.app-extension"; includeInIndex = 0; path = Shan.appex; sourceTree = BUILT_PRODUCTS_DIR; };
		DD8CE91D2E37A05E00D11AFB /* ShanKeyboardShared.framework */ = {isa = PBXFileReference; explicitFileType = wrapper.framework; includeInIndex = 0; path = ShanKeyboardShared.framework; sourceTree = BUILT_PRODUCTS_DIR; };
		DDFDB30F2E77BDC400FBEFD1 /* LICENSE.txt */ = {isa = PBXFileReference; lastKnownFileType = text; path = LICENSE.txt; sourceTree = "<group>"; };
/* End PBXFileReference section */

/* Begin PBXFileSystemSynchronizedBuildFileExceptionSet section */
		DD1085572CA349FF00FD0107 /* Exceptions for "Shan" folder in "Shan" target */ = {
			isa = PBXFileSystemSynchronizedBuildFileExceptionSet;
			membershipExceptions = (
				Info.plist,
			);
			target = DD7E30182C99FA5B00922A79 /* Shan */;
		};
		DDE0BB9B2E61879400EBEE7C /* Exceptions for "ShanKeyboard" folder in "Shan" target */ = {
			isa = PBXFileSystemSynchronizedBuildFileExceptionSet;
			membershipExceptions = (
				Fonts/Shan.ttf,
			);
			target = DD7E30182C99FA5B00922A79 /* Shan */;
		};
/* End PBXFileSystemSynchronizedBuildFileExceptionSet section */

/* Begin PBXFileSystemSynchronizedRootGroup section */
		DD7E2FE42C99F82100922A79 /* ShanKeyboard */ = {
			isa = PBXFileSystemSynchronizedRootGroup;
			exceptions = (
				DDE0BB9B2E61879400EBEE7C /* Exceptions for "ShanKeyboard" folder in "Shan" target */,
			);
			path = ShanKeyboard;
			sourceTree = "<group>";
		};
		DD7E2FF82C99F82300922A79 /* ShanKeyboardTests */ = {
			isa = PBXFileSystemSynchronizedRootGroup;
			path = ShanKeyboardTests;
			sourceTree = "<group>";
		};
		DD7E30022C99F82300922A79 /* ShanKeyboardUITests */ = {
			isa = PBXFileSystemSynchronizedRootGroup;
			path = ShanKeyboardUITests;
			sourceTree = "<group>";
		};
		DD7E301A2C99FA5B00922A79 /* Shan */ = {
			isa = PBXFileSystemSynchronizedRootGroup;
			exceptions = (
				DD1085572CA349FF00FD0107 /* Exceptions for "Shan" folder in "Shan" target */,
			);
			path = Shan;
			sourceTree = "<group>";
		};
		DD8CE91E2E37A05E00D11AFB /* ShanKeyboardShared */ = {
			isa = PBXFileSystemSynchronizedRootGroup;
			path = ShanKeyboardShared;
			sourceTree = "<group>";
		};
/* End PBXFileSystemSynchronizedRootGroup section */

/* Begin PBXFrameworksBuildPhase section */
		DD7E2FDF2C99F82100922A79 /* Frameworks */ = {
			isa = PBXFrameworksBuildPhase;
			buildActionMask = 2147483647;
			files = (
				DD8CE9232E37A05E00D11AFB /* ShanKeyboardShared.framework in Frameworks */,
			);
			runOnlyForDeploymentPostprocessing = 0;
		};
		DD7E2FF22C99F82300922A79 /* Frameworks */ = {
			isa = PBXFrameworksBuildPhase;
			buildActionMask = 2147483647;
			files = (
			);
			runOnlyForDeploymentPostprocessing = 0;
		};
		DD7E2FFC2C99F82300922A79 /* Frameworks */ = {
			isa = PBXFrameworksBuildPhase;
			buildActionMask = 2147483647;
			files = (
			);
			runOnlyForDeploymentPostprocessing = 0;
		};
		DD7E30162C99FA5B00922A79 /* Frameworks */ = {
			isa = PBXFrameworksBuildPhase;
			buildActionMask = 2147483647;
			files = (
				DDE0BB932E61619E00EBEE7C /* KeyboardKit in Frameworks */,
				DDE0BB8D2E6002BF00EBEE7C /* ISEmojiView in Frameworks */,
				DDE0BB902E60049700EBEE7C /* KeyboardKit in Frameworks */,
				DD8CE9282E37A0A700D11AFB /* ShanKeyboardShared.framework in Frameworks */,
				DD8816D92E61F8C800B1C6DC /* KeyboardKit in Frameworks */,
				DD8816D62E61F8B200B1C6DC /* ISEmojiView in Frameworks */,
			);
			runOnlyForDeploymentPostprocessing = 0;
		};
		DD8CE91A2E37A05E00D11AFB /* Frameworks */ = {
			isa = PBXFrameworksBuildPhase;
			buildActionMask = 2147483647;
			files = (
			);
			runOnlyForDeploymentPostprocessing = 0;
		};
/* End PBXFrameworksBuildPhase section */

/* Begin PBXGroup section */
		DD7E2FD92C99F82100922A79 = {
			isa = PBXGroup;
			children = (
				DDFDB30F2E77BDC400FBEFD1 /* LICENSE.txt */,
				DD7E2FE42C99F82100922A79 /* ShanKeyboard */,
				DD7E2FF82C99F82300922A79 /* ShanKeyboardTests */,
				DD7E30022C99F82300922A79 /* ShanKeyboardUITests */,
				DD7E301A2C99FA5B00922A79 /* Shan */,
				DD8CE91E2E37A05E00D11AFB /* ShanKeyboardShared */,
				DD7E302A2C9A063000922A79 /* Frameworks */,
				DD7E2FE32C99F82100922A79 /* Products */,
			);
			sourceTree = "<group>";
		};
		DD7E2FE32C99F82100922A79 /* Products */ = {
			isa = PBXGroup;
			children = (
				DD7E2FE22C99F82100922A79 /* ShanKeyboard.app */,
				DD7E2FF52C99F82300922A79 /* ShanKeyboardTests.xctest */,
				DD7E2FFF2C99F82300922A79 /* ShanKeyboardUITests.xctest */,
				DD7E30192C99FA5B00922A79 /* Shan.appex */,
				DD8CE91D2E37A05E00D11AFB /* ShanKeyboardShared.framework */,
			);
			name = Products;
			sourceTree = "<group>";
		};
		DD7E302A2C9A063000922A79 /* Frameworks */ = {
			isa = PBXGroup;
			children = (
			);
			name = Frameworks;
			sourceTree = "<group>";
		};
/* End PBXGroup section */

/* Begin PBXHeadersBuildPhase section */
		DD8CE9182E37A05E00D11AFB /* Headers */ = {
			isa = PBXHeadersBuildPhase;
			buildActionMask = 2147483647;
			files = (
			);
			runOnlyForDeploymentPostprocessing = 0;
		};
/* End PBXHeadersBuildPhase section */

/* Begin PBXNativeTarget section */
		DD7E2FE12C99F82100922A79 /* ShanKeyboard */ = {
			isa = PBXNativeTarget;
			buildConfigurationList = DD7E30092C99F82300922A79 /* Build configuration list for PBXNativeTarget "ShanKeyboard" */;
			buildPhases = (
				DD7E2FDE2C99F82100922A79 /* Sources */,
				DD7E2FDF2C99F82100922A79 /* Frameworks */,
				DD7E2FE02C99F82100922A79 /* Resources */,
				DD7E30252C99FA5B00922A79 /* Embed Foundation Extensions */,
				DD8CE9162E379F5300D11AFB /* Embed Frameworks */,
			);
			buildRules = (
			);
			dependencies = (
				DD7E301F2C99FA5B00922A79 /* PBXTargetDependency */,
				DD8CE9222E37A05E00D11AFB /* PBXTargetDependency */,
			);
			fileSystemSynchronizedGroups = (
				DD7E2FE42C99F82100922A79 /* ShanKeyboard */,
			);
			name = ShanKeyboard;
			packageProductDependencies = (
			);
			productName = Panglong_iKeyboard;
			productReference = DD7E2FE22C99F82100922A79 /* ShanKeyboard.app */;
			productType = "com.apple.product-type.application";
		};
		DD7E2FF42C99F82300922A79 /* ShanKeyboardTests */ = {
			isa = PBXNativeTarget;
			buildConfigurationList = DD7E300C2C99F82300922A79 /* Build configuration list for PBXNativeTarget "ShanKeyboardTests" */;
			buildPhases = (
				DD7E2FF12C99F82300922A79 /* Sources */,
				DD7E2FF22C99F82300922A79 /* Frameworks */,
				DD7E2FF32C99F82300922A79 /* Resources */,
			);
			buildRules = (
			);
			dependencies = (
				DD7E2FF72C99F82300922A79 /* PBXTargetDependency */,
			);
			fileSystemSynchronizedGroups = (
				DD7E2FF82C99F82300922A79 /* ShanKeyboardTests */,
			);
			name = ShanKeyboardTests;
			packageProductDependencies = (
			);
			productName = Panglong_iKeyboardTests;
			productReference = DD7E2FF52C99F82300922A79 /* ShanKeyboardTests.xctest */;
			productType = "com.apple.product-type.bundle.unit-test";
		};
		DD7E2FFE2C99F82300922A79 /* ShanKeyboardUITests */ = {
			isa = PBXNativeTarget;
			buildConfigurationList = DD7E300F2C99F82300922A79 /* Build configuration list for PBXNativeTarget "ShanKeyboardUITests" */;
			buildPhases = (
				DD7E2FFB2C99F82300922A79 /* Sources */,
				DD7E2FFC2C99F82300922A79 /* Frameworks */,
				DD7E2FFD2C99F82300922A79 /* Resources */,
			);
			buildRules = (
			);
			dependencies = (
				DD7E30012C99F82300922A79 /* PBXTargetDependency */,
			);
			fileSystemSynchronizedGroups = (
				DD7E30022C99F82300922A79 /* ShanKeyboardUITests */,
			);
			name = ShanKeyboardUITests;
			packageProductDependencies = (
			);
			productName = Panglong_iKeyboardUITests;
			productReference = DD7E2FFF2C99F82300922A79 /* ShanKeyboardUITests.xctest */;
			productType = "com.apple.product-type.bundle.ui-testing";
		};
		DD7E30182C99FA5B00922A79 /* Shan */ = {
			isa = PBXNativeTarget;
			buildConfigurationList = DD7E30212C99FA5B00922A79 /* Build configuration list for PBXNativeTarget "Shan" */;
			buildPhases = (
				DD7E30152C99FA5B00922A79 /* Sources */,
				DD7E30162C99FA5B00922A79 /* Frameworks */,
				DD7E30172C99FA5B00922A79 /* Resources */,
				DD8CE92C2E37A0A700D11AFB /* Embed Frameworks */,
			);
			buildRules = (
			);
			dependencies = (
				DD8CE92B2E37A0A700D11AFB /* PBXTargetDependency */,
			);
			fileSystemSynchronizedGroups = (
				DD7E301A2C99FA5B00922A79 /* Shan */,
			);
			name = Shan;
			packageProductDependencies = (
				DDE0BB8C2E6002BF00EBEE7C /* ISEmojiView */,
				DDE0BB8F2E60049700EBEE7C /* KeyboardKit */,
				DDE0BB922E61619E00EBEE7C /* KeyboardKit */,
				DD8816D52E61F8B200B1C6DC /* ISEmojiView */,
				DD8816D82E61F8C800B1C6DC /* KeyboardKit */,
			);
			productName = Panglong;
			productReference = DD7E30192C99FA5B00922A79 /* Shan.appex */;
			productType = "com.apple.product-type.app-extension";
		};
		DD8CE91C2E37A05E00D11AFB /* ShanKeyboardShared */ = {
			isa = PBXNativeTarget;
			buildConfigurationList = DD8CE9252E37A05E00D11AFB /* Build configuration list for PBXNativeTarget "ShanKeyboardShared" */;
			buildPhases = (
				DD8CE9182E37A05E00D11AFB /* Headers */,
				DD8CE9192E37A05E00D11AFB /* Sources */,
				DD8CE91A2E37A05E00D11AFB /* Frameworks */,
				DD8CE91B2E37A05E00D11AFB /* Resources */,
			);
			buildRules = (
			);
			dependencies = (
			);
			fileSystemSynchronizedGroups = (
				DD8CE91E2E37A05E00D11AFB /* ShanKeyboardShared */,
			);
			name = ShanKeyboardShared;
			packageProductDependencies = (
			);
			productName = ShanKeyboardShared;
			productReference = DD8CE91D2E37A05E00D11AFB /* ShanKeyboardShared.framework */;
			productType = "com.apple.product-type.framework";
		};
/* End PBXNativeTarget section */

/* Begin PBXProject section */
		DD7E2FDA2C99F82100922A79 /* Project object */ = {
			isa = PBXProject;
			attributes = {
				BuildIndependentTargetsInParallel = 1;
				LastSwiftUpdateCheck = 1640;
				LastUpgradeCheck = 1640;
				TargetAttributes = {
					DD7E2FE12C99F82100922A79 = {
						CreatedOnToolsVersion = 16.0;
					};
					DD7E2FF42C99F82300922A79 = {
						CreatedOnToolsVersion = 16.0;
						TestTargetID = DD7E2FE12C99F82100922A79;
					};
					DD7E2FFE2C99F82300922A79 = {
						CreatedOnToolsVersion = 16.0;
						TestTargetID = DD7E2FE12C99F82100922A79;
					};
					DD7E30182C99FA5B00922A79 = {
						CreatedOnToolsVersion = 16.0;
					};
					DD8CE91C2E37A05E00D11AFB = {
						CreatedOnToolsVersion = 16.4;
					};
				};
			};
			buildConfigurationList = DD7E2FDD2C99F82100922A79 /* Build configuration list for PBXProject "ShanKeyboard" */;
			developmentRegion = shn;
			hasScannedForEncodings = 0;
			knownRegions = (
				en,
				Base,
				shn,
			);
			mainGroup = DD7E2FD92C99F82100922A79;
			minimizedProjectReferenceProxies = 1;
			packageReferences = (
				DD8816D42E61F8B200B1C6DC /* XCRemoteSwiftPackageReference "ISEmojiView" */,
				DD8816D72E61F8C700B1C6DC /* XCRemoteSwiftPackageReference "KeyboardKit" */,
			);
			preferredProjectObjectVersion = 77;
			productRefGroup = DD7E2FE32C99F82100922A79 /* Products */;
			projectDirPath = "";
			projectRoot = "";
			targets = (
				DD7E2FE12C99F82100922A79 /* ShanKeyboard */,
				DD7E2FF42C99F82300922A79 /* ShanKeyboardTests */,
				DD7E2FFE2C99F82300922A79 /* ShanKeyboardUITests */,
				DD7E30182C99FA5B00922A79 /* Shan */,
				DD8CE91C2E37A05E00D11AFB /* ShanKeyboardShared */,
			);
		};
/* End PBXProject section */

/* Begin PBXResourcesBuildPhase section */
		DD7E2FE02C99F82100922A79 /* Resources */ = {
			isa = PBXResourcesBuildPhase;
			buildActionMask = 2147483647;
			files = (
				DDFDB3162E77BDC400FBEFD1 /* LICENSE.txt in Resources */,
			);
			runOnlyForDeploymentPostprocessing = 0;
		};
		DD7E2FF32C99F82300922A79 /* Resources */ = {
			isa = PBXResourcesBuildPhase;
			buildActionMask = 2147483647;
			files = (
			);
			runOnlyForDeploymentPostprocessing = 0;
		};
		DD7E2FFD2C99F82300922A79 /* Resources */ = {
			isa = PBXResourcesBuildPhase;
			buildActionMask = 2147483647;
			files = (
			);
			runOnlyForDeploymentPostprocessing = 0;
		};
		DD7E30172C99FA5B00922A79 /* Resources */ = {
			isa = PBXResourcesBuildPhase;
			buildActionMask = 2147483647;
			files = (
			);
			runOnlyForDeploymentPostprocessing = 0;
		};
		DD8CE91B2E37A05E00D11AFB /* Resources */ = {
			isa = PBXResourcesBuildPhase;
			buildActionMask = 2147483647;
			files = (
			);
			runOnlyForDeploymentPostprocessing = 0;
		};
/* End PBXResourcesBuildPhase section */

/* Begin PBXSourcesBuildPhase section */
		DD7E2FDE2C99F82100922A79 /* Sources */ = {
			isa = PBXSourcesBuildPhase;
			buildActionMask = 2147483647;
			files = (
			);
			runOnlyForDeploymentPostprocessing = 0;
		};
		DD7E2FF12C99F82300922A79 /* Sources */ = {
			isa = PBXSourcesBuildPhase;
			buildActionMask = 2147483647;
			files = (
			);
			runOnlyForDeploymentPostprocessing = 0;
		};
		DD7E2FFB2C99F82300922A79 /* Sources */ = {
			isa = PBXSourcesBuildPhase;
			buildActionMask = 2147483647;
			files = (
			);
			runOnlyForDeploymentPostprocessing = 0;
		};
		DD7E30152C99FA5B00922A79 /* Sources */ = {
			isa = PBXSourcesBuildPhase;
			buildActionMask = 2147483647;
			files = (
			);
			runOnlyForDeploymentPostprocessing = 0;
		};
		DD8CE9192E37A05E00D11AFB /* Sources */ = {
			isa = PBXSourcesBuildPhase;
			buildActionMask = 2147483647;
			files = (
			);
			runOnlyForDeploymentPostprocessing = 0;
		};
/* End PBXSourcesBuildPhase section */

/* Begin PBXTargetDependency section */
		DD7E2FF72C99F82300922A79 /* PBXTargetDependency */ = {
			isa = PBXTargetDependency;
			target = DD7E2FE12C99F82100922A79 /* ShanKeyboard */;
			targetProxy = DD7E2FF62C99F82300922A79 /* PBXContainerItemProxy */;
		};
		DD7E30012C99F82300922A79 /* PBXTargetDependency */ = {
			isa = PBXTargetDependency;
			target = DD7E2FE12C99F82100922A79 /* ShanKeyboard */;
			targetProxy = DD7E30002C99F82300922A79 /* PBXContainerItemProxy */;
		};
		DD7E301F2C99FA5B00922A79 /* PBXTargetDependency */ = {
			isa = PBXTargetDependency;
			target = DD7E30182C99FA5B00922A79 /* Shan */;
			targetProxy = DD7E301E2C99FA5B00922A79 /* PBXContainerItemProxy */;
		};
		DD8CE9222E37A05E00D11AFB /* PBXTargetDependency */ = {
			isa = PBXTargetDependency;
			target = DD8CE91C2E37A05E00D11AFB /* ShanKeyboardShared */;
			targetProxy = DD8CE9212E37A05E00D11AFB /* PBXContainerItemProxy */;
		};
		DD8CE92B2E37A0A700D11AFB /* PBXTargetDependency */ = {
			isa = PBXTargetDependency;
			target = DD8CE91C2E37A05E00D11AFB /* ShanKeyboardShared */;
			targetProxy = DD8CE92A2E37A0A700D11AFB /* PBXContainerItemProxy */;
		};
/* End PBXTargetDependency section */

/* Begin XCBuildConfiguration section */
		DD7E30072C99F82300922A79 /* Debug */ = {
			isa = XCBuildConfiguration;
			buildSettings = {
				ALWAYS_SEARCH_USER_PATHS = NO;
				ASSETCATALOG_COMPILER_GENERATE_SWIFT_ASSET_SYMBOL_EXTENSIONS = YES;
				CLANG_ANALYZER_LOCALIZABILITY_NONLOCALIZED = YES;
				CLANG_ANALYZER_NONNULL = YES;
				CLANG_ANALYZER_NUMBER_OBJECT_CONVERSION = YES_AGGRESSIVE;
				CLANG_CXX_LANGUAGE_STANDARD = "gnu++20";
				CLANG_ENABLE_MODULES = YES;
				CLANG_ENABLE_OBJC_ARC = YES;
				CLANG_ENABLE_OBJC_WEAK = YES;
				CLANG_WARN_BLOCK_CAPTURE_AUTORELEASING = YES;
				CLANG_WARN_BOOL_CONVERSION = YES;
				CLANG_WARN_COMMA = YES;
				CLANG_WARN_CONSTANT_CONVERSION = YES;
				CLANG_WARN_DEPRECATED_OBJC_IMPLEMENTATIONS = YES;
				CLANG_WARN_DIRECT_OBJC_ISA_USAGE = YES_ERROR;
				CLANG_WARN_DOCUMENTATION_COMMENTS = YES;
				CLANG_WARN_EMPTY_BODY = YES;
				CLANG_WARN_ENUM_CONVERSION = YES;
				CLANG_WARN_INFINITE_RECURSION = YES;
				CLANG_WARN_INT_CONVERSION = YES;
				CLANG_WARN_NON_LITERAL_NULL_CONVERSION = YES;
				CLANG_WARN_OBJC_IMPLICIT_RETAIN_SELF = YES;
				CLANG_WARN_OBJC_LITERAL_CONVERSION = YES;
				CLANG_WARN_OBJC_ROOT_CLASS = YES_ERROR;
				CLANG_WARN_QUOTED_INCLUDE_IN_FRAMEWORK_HEADER = YES;
				CLANG_WARN_RANGE_LOOP_ANALYSIS = YES;
				CLANG_WARN_STRICT_PROTOTYPES = YES;
				CLANG_WARN_SUSPICIOUS_MOVE = YES;
				CLANG_WARN_UNGUARDED_AVAILABILITY = YES_AGGRESSIVE;
				CLANG_WARN_UNREACHABLE_CODE = YES;
				CLANG_WARN__DUPLICATE_METHOD_MATCH = YES;
				COPY_PHASE_STRIP = NO;
				DEAD_CODE_STRIPPING = YES;
				DEBUG_INFORMATION_FORMAT = dwarf;
				DEVELOPMENT_TEAM = 7YT4A3YW62;
				ENABLE_STRICT_OBJC_MSGSEND = YES;
				ENABLE_TESTABILITY = YES;
				ENABLE_USER_SCRIPT_SANDBOXING = YES;
				GCC_C_LANGUAGE_STANDARD = gnu17;
				GCC_DYNAMIC_NO_PIC = NO;
				GCC_NO_COMMON_BLOCKS = YES;
				GCC_OPTIMIZATION_LEVEL = 0;
				GCC_PREPROCESSOR_DEFINITIONS = (
					"DEBUG=1",
					"$(inherited)",
				);
				GCC_WARN_64_TO_32_BIT_CONVERSION = YES;
				GCC_WARN_ABOUT_RETURN_TYPE = YES_ERROR;
				GCC_WARN_UNDECLARED_SELECTOR = YES;
				GCC_WARN_UNINITIALIZED_AUTOS = YES_AGGRESSIVE;
				GCC_WARN_UNUSED_FUNCTION = YES;
				GCC_WARN_UNUSED_VARIABLE = YES;
				LOCALIZATION_PREFERS_STRING_CATALOGS = YES;
				MTL_ENABLE_DEBUG_INFO = INCLUDE_SOURCE;
				MTL_FAST_MATH = YES;
				ONLY_ACTIVE_ARCH = YES;
				PRODUCT_BUNDLE_IDENTIFIER = com.noernova.ShanKeyboard;
				SWIFT_ACTIVE_COMPILATION_CONDITIONS = "DEBUG $(inherited)";
				SWIFT_OPTIMIZATION_LEVEL = "-Onone";
			};
			name = Debug;
		};
		DD7E30082C99F82300922A79 /* Release */ = {
			isa = XCBuildConfiguration;
			buildSettings = {
				ALWAYS_SEARCH_USER_PATHS = NO;
				ASSETCATALOG_COMPILER_GENERATE_SWIFT_ASSET_SYMBOL_EXTENSIONS = YES;
				CLANG_ANALYZER_LOCALIZABILITY_NONLOCALIZED = YES;
				CLANG_ANALYZER_NONNULL = YES;
				CLANG_ANALYZER_NUMBER_OBJECT_CONVERSION = YES_AGGRESSIVE;
				CLANG_CXX_LANGUAGE_STANDARD = "gnu++20";
				CLANG_ENABLE_MODULES = YES;
				CLANG_ENABLE_OBJC_ARC = YES;
				CLANG_ENABLE_OBJC_WEAK = YES;
				CLANG_WARN_BLOCK_CAPTURE_AUTORELEASING = YES;
				CLANG_WARN_BOOL_CONVERSION = YES;
				CLANG_WARN_COMMA = YES;
				CLANG_WARN_CONSTANT_CONVERSION = YES;
				CLANG_WARN_DEPRECATED_OBJC_IMPLEMENTATIONS = YES;
				CLANG_WARN_DIRECT_OBJC_ISA_USAGE = YES_ERROR;
				CLANG_WARN_DOCUMENTATION_COMMENTS = YES;
				CLANG_WARN_EMPTY_BODY = YES;
				CLANG_WARN_ENUM_CONVERSION = YES;
				CLANG_WARN_INFINITE_RECURSION = YES;
				CLANG_WARN_INT_CONVERSION = YES;
				CLANG_WARN_NON_LITERAL_NULL_CONVERSION = YES;
				CLANG_WARN_OBJC_IMPLICIT_RETAIN_SELF = YES;
				CLANG_WARN_OBJC_LITERAL_CONVERSION = YES;
				CLANG_WARN_OBJC_ROOT_CLASS = YES_ERROR;
				CLANG_WARN_QUOTED_INCLUDE_IN_FRAMEWORK_HEADER = YES;
				CLANG_WARN_RANGE_LOOP_ANALYSIS = YES;
				CLANG_WARN_STRICT_PROTOTYPES = YES;
				CLANG_WARN_SUSPICIOUS_MOVE = YES;
				CLANG_WARN_UNGUARDED_AVAILABILITY = YES_AGGRESSIVE;
				CLANG_WARN_UNREACHABLE_CODE = YES;
				CLANG_WARN__DUPLICATE_METHOD_MATCH = YES;
				COPY_PHASE_STRIP = NO;
				DEAD_CODE_STRIPPING = YES;
				DEBUG_INFORMATION_FORMAT = "dwarf-with-dsym";
				DEVELOPMENT_TEAM = 7YT4A3YW62;
				ENABLE_NS_ASSERTIONS = NO;
				ENABLE_STRICT_OBJC_MSGSEND = YES;
				ENABLE_USER_SCRIPT_SANDBOXING = YES;
				GCC_C_LANGUAGE_STANDARD = gnu17;
				GCC_NO_COMMON_BLOCKS = YES;
				GCC_WARN_64_TO_32_BIT_CONVERSION = YES;
				GCC_WARN_ABOUT_RETURN_TYPE = YES_ERROR;
				GCC_WARN_UNDECLARED_SELECTOR = YES;
				GCC_WARN_UNINITIALIZED_AUTOS = YES_AGGRESSIVE;
				GCC_WARN_UNUSED_FUNCTION = YES;
				GCC_WARN_UNUSED_VARIABLE = YES;
				LOCALIZATION_PREFERS_STRING_CATALOGS = YES;
				MTL_ENABLE_DEBUG_INFO = NO;
				MTL_FAST_MATH = YES;
				PRODUCT_BUNDLE_IDENTIFIER = com.noernova.ShanKeyboard;
				SWIFT_COMPILATION_MODE = wholemodule;
			};
			name = Release;
		};
		DD7E300A2C99F82300922A79 /* Debug */ = {
			isa = XCBuildConfiguration;
			buildSettings = {
				ASSETCATALOG_COMPILER_APPICON_NAME = AppIcon;
				ASSETCATALOG_COMPILER_GLOBAL_ACCENT_COLOR_NAME = AccentColor;
				CODE_SIGN_ENTITLEMENTS = ShanKeyboard/ShanKeyboard.entitlements;
				CODE_SIGN_STYLE = Automatic;
				CURRENT_PROJECT_VERSION = 1;
				DEAD_CODE_STRIPPING = YES;
				DEVELOPMENT_ASSET_PATHS = "\"ShanKeyboard/Preview Content\"";
				ENABLE_HARDENED_RUNTIME = YES;
				ENABLE_PREVIEWS = YES;
				GENERATE_INFOPLIST_FILE = YES;
				INFOPLIST_FILE = "ShanKeyboard-Info.plist";
				INFOPLIST_KEY_CFBundleDisplayName = ShanKeyboard;
				INFOPLIST_KEY_LSApplicationCategoryType = "public.app-category.utilities";
				"INFOPLIST_KEY_UIApplicationSceneManifest_Generation[sdk=iphoneos*]" = YES;
				"INFOPLIST_KEY_UIApplicationSceneManifest_Generation[sdk=iphonesimulator*]" = YES;
				"INFOPLIST_KEY_UIApplicationSupportsIndirectInputEvents[sdk=iphoneos*]" = YES;
				"INFOPLIST_KEY_UIApplicationSupportsIndirectInputEvents[sdk=iphonesimulator*]" = YES;
				"INFOPLIST_KEY_UILaunchScreen_Generation[sdk=iphoneos*]" = YES;
				"INFOPLIST_KEY_UILaunchScreen_Generation[sdk=iphonesimulator*]" = YES;
				"INFOPLIST_KEY_UIStatusBarStyle[sdk=iphoneos*]" = UIStatusBarStyleDefault;
				"INFOPLIST_KEY_UIStatusBarStyle[sdk=iphonesimulator*]" = UIStatusBarStyleDefault;
				INFOPLIST_KEY_UISupportedInterfaceOrientations = "UIInterfaceOrientationLandscapeLeft UIInterfaceOrientationLandscapeRight UIInterfaceOrientationPortrait UIInterfaceOrientationPortraitUpsideDown";
				IPHONEOS_DEPLOYMENT_TARGET = 17.6;
				LD_RUNPATH_SEARCH_PATHS = "@executable_path/Frameworks";
				"LD_RUNPATH_SEARCH_PATHS[sdk=macosx*]" = "@executable_path/../Frameworks";
				MACOSX_DEPLOYMENT_TARGET = 14.0;
				MARKETING_VERSION = 1.0;
				PRODUCT_BUNDLE_IDENTIFIER = com.noernova.ShanKeyboard;
				PRODUCT_NAME = "$(TARGET_NAME)";
				SDKROOT = auto;
				SUPPORTED_PLATFORMS = "iphoneos iphonesimulator";
				SUPPORTS_MACCATALYST = NO;
				SWIFT_EMIT_LOC_STRINGS = YES;
				SWIFT_VERSION = 5.0;
				TARGETED_DEVICE_FAMILY = "1,2";
				XROS_DEPLOYMENT_TARGET = 2.0;
			};
			name = Debug;
		};
		DD7E300B2C99F82300922A79 /* Release */ = {
			isa = XCBuildConfiguration;
			buildSettings = {
				ASSETCATALOG_COMPILER_APPICON_NAME = AppIcon;
				ASSETCATALOG_COMPILER_GLOBAL_ACCENT_COLOR_NAME = AccentColor;
				CODE_SIGN_ENTITLEMENTS = ShanKeyboard/ShanKeyboard.entitlements;
				CODE_SIGN_STYLE = Automatic;
				CURRENT_PROJECT_VERSION = 1;
				DEAD_CODE_STRIPPING = YES;
				DEVELOPMENT_ASSET_PATHS = "\"ShanKeyboard/Preview Content\"";
				ENABLE_HARDENED_RUNTIME = YES;
				ENABLE_PREVIEWS = YES;
				GENERATE_INFOPLIST_FILE = YES;
				INFOPLIST_FILE = "ShanKeyboard-Info.plist";
				INFOPLIST_KEY_CFBundleDisplayName = ShanKeyboard;
				INFOPLIST_KEY_LSApplicationCategoryType = "public.app-category.utilities";
				"INFOPLIST_KEY_UIApplicationSceneManifest_Generation[sdk=iphoneos*]" = YES;
				"INFOPLIST_KEY_UIApplicationSceneManifest_Generation[sdk=iphonesimulator*]" = YES;
				"INFOPLIST_KEY_UIApplicationSupportsIndirectInputEvents[sdk=iphoneos*]" = YES;
				"INFOPLIST_KEY_UIApplicationSupportsIndirectInputEvents[sdk=iphonesimulator*]" = YES;
				"INFOPLIST_KEY_UILaunchScreen_Generation[sdk=iphoneos*]" = YES;
				"INFOPLIST_KEY_UILaunchScreen_Generation[sdk=iphonesimulator*]" = YES;
				"INFOPLIST_KEY_UIStatusBarStyle[sdk=iphoneos*]" = UIStatusBarStyleDefault;
				"INFOPLIST_KEY_UIStatusBarStyle[sdk=iphonesimulator*]" = UIStatusBarStyleDefault;
				INFOPLIST_KEY_UISupportedInterfaceOrientations = "UIInterfaceOrientationLandscapeLeft UIInterfaceOrientationLandscapeRight UIInterfaceOrientationPortrait UIInterfaceOrientationPortraitUpsideDown";
				IPHONEOS_DEPLOYMENT_TARGET = 17.6;
				LD_RUNPATH_SEARCH_PATHS = "@executable_path/Frameworks";
				"LD_RUNPATH_SEARCH_PATHS[sdk=macosx*]" = "@executable_path/../Frameworks";
				MACOSX_DEPLOYMENT_TARGET = 14.0;
				MARKETING_VERSION = 1.0;
				PRODUCT_BUNDLE_IDENTIFIER = com.noernova.ShanKeyboard;
				PRODUCT_NAME = "$(TARGET_NAME)";
				SDKROOT = auto;
				SUPPORTED_PLATFORMS = "iphoneos iphonesimulator";
				SUPPORTS_MACCATALYST = NO;
				SWIFT_EMIT_LOC_STRINGS = YES;
				SWIFT_VERSION = 5.0;
				TARGETED_DEVICE_FAMILY = "1,2";
				XROS_DEPLOYMENT_TARGET = 2.0;
			};
			name = Release;
		};
		DD7E300D2C99F82300922A79 /* Debug */ = {
			isa = XCBuildConfiguration;
			buildSettings = {
				BUNDLE_LOADER = "$(TEST_HOST)";
				CODE_SIGN_STYLE = Automatic;
				CURRENT_PROJECT_VERSION = 1;
				DEAD_CODE_STRIPPING = YES;
				GENERATE_INFOPLIST_FILE = YES;
				IPHONEOS_DEPLOYMENT_TARGET = 17.6;
				MACOSX_DEPLOYMENT_TARGET = 15.0;
				MARKETING_VERSION = 1.0;
				PRODUCT_BUNDLE_IDENTIFIER = com.noernova.ShanKeyboardTests;
				PRODUCT_NAME = "$(TARGET_NAME)";
				SDKROOT = auto;
				SUPPORTED_PLATFORMS = "iphoneos iphonesimulator";
				SUPPORTS_MACCATALYST = NO;
				SWIFT_EMIT_LOC_STRINGS = NO;
				SWIFT_VERSION = 5.0;
				TARGETED_DEVICE_FAMILY = "1,2";
				TEST_HOST = "$(BUILT_PRODUCTS_DIR)/ShanKeyboard.app/$(BUNDLE_EXECUTABLE_FOLDER_PATH)/ShanKeyboard";
				XROS_DEPLOYMENT_TARGET = 2.0;
			};
			name = Debug;
		};
		DD7E300E2C99F82300922A79 /* Release */ = {
			isa = XCBuildConfiguration;
			buildSettings = {
				BUNDLE_LOADER = "$(TEST_HOST)";
				CODE_SIGN_STYLE = Automatic;
				CURRENT_PROJECT_VERSION = 1;
				DEAD_CODE_STRIPPING = YES;
				GENERATE_INFOPLIST_FILE = YES;
				IPHONEOS_DEPLOYMENT_TARGET = 17.6;
				MACOSX_DEPLOYMENT_TARGET = 15.0;
				MARKETING_VERSION = 1.0;
				PRODUCT_BUNDLE_IDENTIFIER = com.noernova.ShanKeyboardTests;
				PRODUCT_NAME = "$(TARGET_NAME)";
				SDKROOT = auto;
				SUPPORTED_PLATFORMS = "iphoneos iphonesimulator";
				SUPPORTS_MACCATALYST = NO;
				SWIFT_EMIT_LOC_STRINGS = NO;
				SWIFT_VERSION = 5.0;
				TARGETED_DEVICE_FAMILY = "1,2";
				TEST_HOST = "$(BUILT_PRODUCTS_DIR)/ShanKeyboard.app/$(BUNDLE_EXECUTABLE_FOLDER_PATH)/ShanKeyboard";
				XROS_DEPLOYMENT_TARGET = 2.0;
			};
			name = Release;
		};
		DD7E30102C99F82300922A79 /* Debug */ = {
			isa = XCBuildConfiguration;
			buildSettings = {
				CODE_SIGN_STYLE = Automatic;
				CURRENT_PROJECT_VERSION = 1;
				DEAD_CODE_STRIPPING = YES;
				GENERATE_INFOPLIST_FILE = YES;
				IPHONEOS_DEPLOYMENT_TARGET = 17.6;
				MACOSX_DEPLOYMENT_TARGET = 15.0;
				MARKETING_VERSION = 1.0;
				PRODUCT_BUNDLE_IDENTIFIER = com.noernova.ShanKeyboardUITests;
				PRODUCT_NAME = "$(TARGET_NAME)";
				SDKROOT = auto;
				SUPPORTED_PLATFORMS = "iphoneos iphonesimulator";
				SUPPORTS_MACCATALYST = NO;
				SWIFT_EMIT_LOC_STRINGS = NO;
				SWIFT_VERSION = 5.0;
				TARGETED_DEVICE_FAMILY = "1,2";
				TEST_TARGET_NAME = ShanKeyboard;
				XROS_DEPLOYMENT_TARGET = 2.0;
			};
			name = Debug;
		};
		DD7E30112C99F82300922A79 /* Release */ = {
			isa = XCBuildConfiguration;
			buildSettings = {
				CODE_SIGN_STYLE = Automatic;
				CURRENT_PROJECT_VERSION = 1;
				DEAD_CODE_STRIPPING = YES;
				GENERATE_INFOPLIST_FILE = YES;
				IPHONEOS_DEPLOYMENT_TARGET = 17.6;
				MACOSX_DEPLOYMENT_TARGET = 15.0;
				MARKETING_VERSION = 1.0;
				PRODUCT_BUNDLE_IDENTIFIER = com.noernova.ShanKeyboardUITests;
				PRODUCT_NAME = "$(TARGET_NAME)";
				SDKROOT = auto;
				SUPPORTED_PLATFORMS = "iphoneos iphonesimulator";
				SUPPORTS_MACCATALYST = NO;
				SWIFT_EMIT_LOC_STRINGS = NO;
				SWIFT_VERSION = 5.0;
				TARGETED_DEVICE_FAMILY = "1,2";
				TEST_TARGET_NAME = ShanKeyboard;
				XROS_DEPLOYMENT_TARGET = 2.0;
			};
			name = Release;
		};
		DD7E30222C99FA5B00922A79 /* Debug */ = {
			isa = XCBuildConfiguration;
			buildSettings = {
				CODE_SIGN_ENTITLEMENTS = Shan/Shan.entitlements;
				CODE_SIGN_STYLE = Automatic;
				CURRENT_PROJECT_VERSION = 1;
				GENERATE_INFOPLIST_FILE = YES;
				INFOPLIST_FILE = Shan/Info.plist;
				INFOPLIST_KEY_CFBundleDisplayName = Shan;
				INFOPLIST_KEY_NSHumanReadableCopyright = "";
				IPHONEOS_DEPLOYMENT_TARGET = 17.6;
				LD_RUNPATH_SEARCH_PATHS = (
					"$(inherited)",
					"@executable_path/Frameworks",
					"@executable_path/../../Frameworks",
				);
				MARKETING_VERSION = 1.0;
				PRODUCT_BUNDLE_IDENTIFIER = com.noernova.ShanKeyboard.shan;
				PRODUCT_NAME = "$(TARGET_NAME)";
				SDKROOT = iphoneos;
				SKIP_INSTALL = YES;
				SUPPORTED_PLATFORMS = "iphoneos iphonesimulator";
				SUPPORTS_MACCATALYST = NO;
				SUPPORTS_MAC_DESIGNED_FOR_IPHONE_IPAD = NO;
				SUPPORTS_XR_DESIGNED_FOR_IPHONE_IPAD = NO;
				SWIFT_EMIT_LOC_STRINGS = YES;
				SWIFT_VERSION = 5.0;
				TARGETED_DEVICE_FAMILY = "1,2";
			};
			name = Debug;
		};
		DD7E30232C99FA5B00922A79 /* Release */ = {
			isa = XCBuildConfiguration;
			buildSettings = {
				CODE_SIGN_ENTITLEMENTS = Shan/Shan.entitlements;
				CODE_SIGN_STYLE = Automatic;
				CURRENT_PROJECT_VERSION = 1;
				GENERATE_INFOPLIST_FILE = YES;
				INFOPLIST_FILE = Shan/Info.plist;
				INFOPLIST_KEY_CFBundleDisplayName = Shan;
				INFOPLIST_KEY_NSHumanReadableCopyright = "";
				IPHONEOS_DEPLOYMENT_TARGET = 17.6;
				LD_RUNPATH_SEARCH_PATHS = (
					"$(inherited)",
					"@executable_path/Frameworks",
					"@executable_path/../../Frameworks",
				);
				MARKETING_VERSION = 1.0;
				PRODUCT_BUNDLE_IDENTIFIER = com.noernova.ShanKeyboard.shan;
				PRODUCT_NAME = "$(TARGET_NAME)";
				SDKROOT = iphoneos;
				SKIP_INSTALL = YES;
				SUPPORTED_PLATFORMS = "iphoneos iphonesimulator";
				SUPPORTS_MACCATALYST = NO;
				SUPPORTS_MAC_DESIGNED_FOR_IPHONE_IPAD = NO;
				SUPPORTS_XR_DESIGNED_FOR_IPHONE_IPAD = NO;
				SWIFT_EMIT_LOC_STRINGS = YES;
				SWIFT_VERSION = 5.0;
				TARGETED_DEVICE_FAMILY = "1,2";
				VALIDATE_PRODUCT = YES;
			};
			name = Release;
		};
		DD8CE9262E37A05E00D11AFB /* Debug */ = {
			isa = XCBuildConfiguration;
			buildSettings = {
				BUILD_LIBRARY_FOR_DISTRIBUTION = YES;
				CODE_SIGN_IDENTITY = "";
				CODE_SIGN_STYLE = Automatic;
				CURRENT_PROJECT_VERSION = 1;
				DYLIB_COMPATIBILITY_VERSION = 1;
				DYLIB_CURRENT_VERSION = 1;
				DYLIB_INSTALL_NAME_BASE = "@rpath";
				ENABLE_MODULE_VERIFIER = YES;
				GENERATE_INFOPLIST_FILE = YES;
				INFOPLIST_KEY_NSHumanReadableCopyright = "";
				INSTALL_PATH = "$(LOCAL_LIBRARY_DIR)/Frameworks";
				IPHONEOS_DEPLOYMENT_TARGET = 18.5;
				LD_RUNPATH_SEARCH_PATHS = (
					"$(inherited)",
					"@executable_path/Frameworks",
					"@loader_path/Frameworks",
				);
				MARKETING_VERSION = 1.0;
				MODULE_VERIFIER_SUPPORTED_LANGUAGES = "objective-c objective-c++";
				MODULE_VERIFIER_SUPPORTED_LANGUAGE_STANDARDS = "gnu17 gnu++20";
				PRODUCT_BUNDLE_IDENTIFIER = com.noernova.ShanKeyboard.ShanKeyboardShared;
				PRODUCT_NAME = "$(TARGET_NAME:c99extidentifier)";
				SDKROOT = iphoneos;
				SKIP_INSTALL = YES;
				SUPPORTED_PLATFORMS = "iphoneos iphonesimulator";
				SUPPORTS_MACCATALYST = NO;
				SUPPORTS_MAC_DESIGNED_FOR_IPHONE_IPAD = NO;
				SUPPORTS_XR_DESIGNED_FOR_IPHONE_IPAD = NO;
				SWIFT_EMIT_LOC_STRINGS = YES;
				SWIFT_INSTALL_MODULE = YES;
				SWIFT_INSTALL_OBJC_HEADER = NO;
				SWIFT_VERSION = 5.0;
				TARGETED_DEVICE_FAMILY = "1,2";
				VERSIONING_SYSTEM = "apple-generic";
				VERSION_INFO_PREFIX = "";
			};
			name = Debug;
		};
		DD8CE9272E37A05E00D11AFB /* Release */ = {
			isa = XCBuildConfiguration;
			buildSettings = {
				BUILD_LIBRARY_FOR_DISTRIBUTION = YES;
				CODE_SIGN_IDENTITY = "";
				CODE_SIGN_STYLE = Automatic;
				CURRENT_PROJECT_VERSION = 1;
				DYLIB_COMPATIBILITY_VERSION = 1;
				DYLIB_CURRENT_VERSION = 1;
				DYLIB_INSTALL_NAME_BASE = "@rpath";
				ENABLE_MODULE_VERIFIER = YES;
				GENERATE_INFOPLIST_FILE = YES;
				INFOPLIST_KEY_NSHumanReadableCopyright = "";
				INSTALL_PATH = "$(LOCAL_LIBRARY_DIR)/Frameworks";
				IPHONEOS_DEPLOYMENT_TARGET = 18.5;
				LD_RUNPATH_SEARCH_PATHS = (
					"$(inherited)",
					"@executable_path/Frameworks",
					"@loader_path/Frameworks",
				);
				MARKETING_VERSION = 1.0;
				MODULE_VERIFIER_SUPPORTED_LANGUAGES = "objective-c objective-c++";
				MODULE_VERIFIER_SUPPORTED_LANGUAGE_STANDARDS = "gnu17 gnu++20";
				PRODUCT_BUNDLE_IDENTIFIER = com.noernova.ShanKeyboard.ShanKeyboardShared;
				PRODUCT_NAME = "$(TARGET_NAME:c99extidentifier)";
				SDKROOT = iphoneos;
				SKIP_INSTALL = YES;
				SUPPORTED_PLATFORMS = "iphoneos iphonesimulator";
				SUPPORTS_MACCATALYST = NO;
				SUPPORTS_MAC_DESIGNED_FOR_IPHONE_IPAD = NO;
				SUPPORTS_XR_DESIGNED_FOR_IPHONE_IPAD = NO;
				SWIFT_EMIT_LOC_STRINGS = YES;
				SWIFT_INSTALL_MODULE = YES;
				SWIFT_INSTALL_OBJC_HEADER = NO;
				SWIFT_VERSION = 5.0;
				TARGETED_DEVICE_FAMILY = "1,2";
				VALIDATE_PRODUCT = YES;
				VERSIONING_SYSTEM = "apple-generic";
				VERSION_INFO_PREFIX = "";
			};
			name = Release;
		};
/* End XCBuildConfiguration section */

/* Begin XCConfigurationList section */
		DD7E2FDD2C99F82100922A79 /* Build configuration list for PBXProject "ShanKeyboard" */ = {
			isa = XCConfigurationList;
			buildConfigurations = (
				DD7E30072C99F82300922A79 /* Debug */,
				DD7E30082C99F82300922A79 /* Release */,
			);
			defaultConfigurationIsVisible = 0;
			defaultConfigurationName = Release;
		};
		DD7E30092C99F82300922A79 /* Build configuration list for PBXNativeTarget "ShanKeyboard" */ = {
			isa = XCConfigurationList;
			buildConfigurations = (
				DD7E300A2C99F82300922A79 /* Debug */,
				DD7E300B2C99F82300922A79 /* Release */,
			);
			defaultConfigurationIsVisible = 0;
			defaultConfigurationName = Release;
		};
		DD7E300C2C99F82300922A79 /* Build configuration list for PBXNativeTarget "ShanKeyboardTests" */ = {
			isa = XCConfigurationList;
			buildConfigurations = (
				DD7E300D2C99F82300922A79 /* Debug */,
				DD7E300E2C99F82300922A79 /* Release */,
			);
			defaultConfigurationIsVisible = 0;
			defaultConfigurationName = Release;
		};
		DD7E300F2C99F82300922A79 /* Build configuration list for PBXNativeTarget "ShanKeyboardUITests" */ = {
			isa = XCConfigurationList;
			buildConfigurations = (
				DD7E30102C99F82300922A79 /* Debug */,
				DD7E30112C99F82300922A79 /* Release */,
			);
			defaultConfigurationIsVisible = 0;
			defaultConfigurationName = Release;
		};
		DD7E30212C99FA5B00922A79 /* Build configuration list for PBXNativeTarget "Shan" */ = {
			isa = XCConfigurationList;
			buildConfigurations = (
				DD7E30222C99FA5B00922A79 /* Debug */,
				DD7E30232C99FA5B00922A79 /* Release */,
			);
			defaultConfigurationIsVisible = 0;
			defaultConfigurationName = Release;
		};
		DD8CE9252E37A05E00D11AFB /* Build configuration list for PBXNativeTarget "ShanKeyboardShared" */ = {
			isa = XCConfigurationList;
			buildConfigurations = (
				DD8CE9262E37A05E00D11AFB /* Debug */,
				DD8CE9272E37A05E00D11AFB /* Release */,
			);
			defaultConfigurationIsVisible = 0;
			defaultConfigurationName = Release;
		};
/* End XCConfigurationList section */

/* Begin XCRemoteSwiftPackageReference section */
		DD8816D42E61F8B200B1C6DC /* XCRemoteSwiftPackageReference "ISEmojiView" */ = {
			isa = XCRemoteSwiftPackageReference;
			repositoryURL = "https://github.com/NoerNova/ISEmojiView.git";
			requirement = {
				branch = custom;
				kind = branch;
			};
		};
		DD8816D72E61F8C700B1C6DC /* XCRemoteSwiftPackageReference "KeyboardKit" */ = {
			isa = XCRemoteSwiftPackageReference;
			repositoryURL = "https://github.com/NoerNova/KeyboardKit.git";
			requirement = {
				branch = custom;
				kind = branch;
			};
		};
/* End XCRemoteSwiftPackageReference section */

/* Begin XCSwiftPackageProductDependency section */
		DD8816D52E61F8B200B1C6DC /* ISEmojiView */ = {
			isa = XCSwiftPackageProductDependency;
			package = DD8816D42E61F8B200B1C6DC /* XCRemoteSwiftPackageReference "ISEmojiView" */;
			productName = ISEmojiView;
		};
		DD8816D82E61F8C800B1C6DC /* KeyboardKit */ = {
			isa = XCSwiftPackageProductDependency;
			package = DD8816D72E61F8C700B1C6DC /* XCRemoteSwiftPackageReference "KeyboardKit" */;
			productName = KeyboardKit;
		};
		DDE0BB8C2E6002BF00EBEE7C /* ISEmojiView */ = {
			isa = XCSwiftPackageProductDependency;
			productName = ISEmojiView;
		};
		DDE0BB8F2E60049700EBEE7C /* KeyboardKit */ = {
			isa = XCSwiftPackageProductDependency;
			productName = KeyboardKit;
		};
		DDE0BB922E61619E00EBEE7C /* KeyboardKit */ = {
			isa = XCSwiftPackageProductDependency;
			productName = KeyboardKit;
		};
/* End XCSwiftPackageProductDependency section */
	};
	rootObject = DD7E2FDA2C99F82100922A79 /* Project object */;
}
