{
  "originHash" : "b42c7eef6347fe73795d7562d2ff713284f7f1a45a53b9d8ce0b1a6a115ee478",
  "pins" : [
    {
      "identity" : "isemojiview",
      "kind" : "remoteSourceControl",
      "location" : "https://github.com/NoerNova/ISEmojiView.git",
      "state" : {
        "branch" : "custom",
        "revision" : "816c2089a076caf68ad7b502fb41bf632bb93763"
      }
    },
    {
      "identity" : "keyboardkit",
      "kind" : "remoteSourceControl",
      "location" : "https://github.com/NoerNova/KeyboardKit.git",
      "state" : {
        "branch" : "custom",
        "revision" : "26a3f5c3238d1219632b2971f2b170a8c89efec2"
      }
    }
  ],
  "version" : 3
}
