{
  "originHash" : "0d9198a8abf79e09df0969ce3ea717b05923446f9e3ed339d1782ed7eaeff81f",
  "pins" : [
    {
      "identity" : "isemojiview",
      "kind" : "remoteSourceControl",
      "location" : "https://github.com/NoerNova/ISEmojiView.git",
      "state" : {
        "branch" : "custom",
        "revision" : "84f47534219346531441ecef53fac9df29537a81"
      }
    },
    {
      "identity" : "keyboardkit",
      "kind" : "remoteSourceControl",
      "location" : "https://github.com/NoerNova/KeyboardKit.git",
      "state" : {
        "branch" : "custom",
        "revision" : "96c7803c10129c3ee7e7719f901aa1a9eb99dabf"
      }
    }
  ],
  "version" : 3
}
