{
  "originHash" : "8be0c54831ae932b20a78828f859bd4d5b405ce1493cfe8c0b6b9ffc8245fabb",
  "pins" : [
    {
      "identity" : "isemojiview",
      "kind" : "remoteSourceControl",
      "location" : "https://github.com/isaced/ISEmojiView.git",
      "state" : {
        "revision" : "4b16e07b9265eedad2ea25b9aa042f230486234f",
        "version" : "0.3.4"
      }
    }
  ],
  "version" : 3
}
